PODS:
  - FlutterMacOS (1.0.0)
  - ObjectBox (5.2.0)
  - objectbox_flutter_libs (0.0.1):
    - FlutterMacOS
    - ObjectBox (= 5.2.0)

DEPENDENCIES:
  - FlutterMacOS (from `Flutter/ephemeral`)
  - objectbox_flutter_libs (from `Flutter/ephemeral/.symlinks/plugins/objectbox_flutter_libs/macos`)

SPEC REPOS:
  trunk:
    - ObjectBox

EXTERNAL SOURCES:
  FlutterMacOS:
    :path: Flutter/ephemeral
  objectbox_flutter_libs:
    :path: Flutter/ephemeral/.symlinks/plugins/objectbox_flutter_libs/macos

SPEC CHECKSUMS:
  FlutterMacOS: d0db08ddef1a9af05a5ec4b724367152bb0500b1
  ObjectBox: 946c1e8586aaa61e21b6661bab4948d06fdd51c4
  objectbox_flutter_libs: 52ffb4ad42870c47886c2c6a7528e76b770af6d9

PODFILE CHECKSUM: 346bfb2deb41d4a6ebd6f6799f92188bde2d246f

COCOAPODS: 1.16.2
